
Microsoft Visual Studio Solution File, Format Version 12.00
# Visual Studio Version 17
VisualStudioVersion = 17.2.32630.192
MinimumVisualStudioVersion = 10.0.40219.1
Project("{FAE04EC0-301F-11D3-BF4B-00C04F79EFBC}") = "TodoAPI", "TodoAPI\TodoAPI.csproj", "{ACE879C1-6EE7-4D10-A5A7-D3C6685DB4BF}"
EndProject
Project("{FAE04EC0-301F-11D3-BF4B-00C04F79EFBC}") = "TodoAPI.Entities", "TodoAPI.Entities\TodoAPI.Entities.csproj", "{F11D5F3B-FD53-40B9-988B-C20C94A25CC2}"
EndProject
Project("{FAE04EC0-301F-11D3-BF4B-00C04F79EFBC}") = "TodoAPI.DataAccess", "TodoAPI.DataAccess\TodoAPI.DataAccess.csproj", "{E2703998-C4AD-4E12-BBDB-66655085E56B}"
EndProject
Global
	GlobalSection(SolutionConfigurationPlatforms) = preSolution
		Debug|Any CPU = Debug|Any CPU
		Release|Any CPU = Release|Any CPU
	EndGlobalSection
	GlobalSection(ProjectConfigurationPlatforms) = postSolution
		{ACE879C1-6EE7-4D10-A5A7-D3C6685DB4BF}.Debug|Any CPU.ActiveCfg = Debug|Any CPU
		{ACE879C1-6EE7-4D10-A5A7-D3C6685DB4BF}.Debug|Any CPU.Build.0 = Debug|Any CPU
		{ACE879C1-6EE7-4D10-A5A7-D3C6685DB4BF}.Release|Any CPU.ActiveCfg = Release|Any CPU
		{ACE879C1-6EE7-4D10-A5A7-D3C6685DB4BF}.Release|Any CPU.Build.0 = Release|Any CPU
		{F11D5F3B-FD53-40B9-988B-C20C94A25CC2}.Debug|Any CPU.ActiveCfg = Debug|Any CPU
		{F11D5F3B-FD53-40B9-988B-C20C94A25CC2}.Debug|Any CPU.Build.0 = Debug|Any CPU
		{F11D5F3B-FD53-40B9-988B-C20C94A25CC2}.Release|Any CPU.ActiveCfg = Release|Any CPU
		{F11D5F3B-FD53-40B9-988B-C20C94A25CC2}.Release|Any CPU.Build.0 = Release|Any CPU
		{E2703998-C4AD-4E12-BBDB-66655085E56B}.Debug|Any CPU.ActiveCfg = Debug|Any CPU
		{E2703998-C4AD-4E12-BBDB-66655085E56B}.Debug|Any CPU.Build.0 = Debug|Any CPU
		{E2703998-C4AD-4E12-BBDB-66655085E56B}.Release|Any CPU.ActiveCfg = Release|Any CPU
		{E2703998-C4AD-4E12-BBDB-66655085E56B}.Release|Any CPU.Build.0 = Release|Any CPU
	EndGlobalSection
	GlobalSection(SolutionProperties) = preSolution
		HideSolutionNode = FALSE
	EndGlobalSection
	GlobalSection(ExtensibilityGlobals) = postSolution
		SolutionGuid = {40E12ED0-9996-4F78-8051-C87F8786B5CB}
	EndGlobalSection
EndGlobal
